
Microsoft Visual Studio Solution File, Format Version 12.00
# Visual Studio Version 16
VisualStudioVersion = 16.0.31105.61
MinimumVisualStudioVersion = 10.0.40219.1
Project("{FAE04EC0-301F-11D3-BF4B-00C04F79EFBC}") = "MvcToDoList", "MvcToDoList.csproj", "{CC8A807B-E596-4835-875C-671995C326DB}"
EndProject
Global
	GlobalSection(SolutionConfigurationPlatforms) = preSolution
		Debug|Any CPU = Debug|Any CPU
		Release|Any CPU = Release|Any CPU
	EndGlobalSection
	GlobalSection(ProjectConfigurationPlatforms) = postSolution
		{CC8A807B-E596-4835-875C-671995C326DB}.Debug|Any CPU.ActiveCfg = Debug|Any CPU
		{CC8A807B-E596-4835-875C-671995C326DB}.Debug|Any CPU.Build.0 = Debug|Any CPU
		{CC8A807B-E596-4835-875C-671995C326DB}.Release|Any CPU.ActiveCfg = Release|Any CPU
		{CC8A807B-E596-4835-875C-671995C326DB}.Release|Any CPU.Build.0 = Release|Any CPU
	EndGlobalSection
	GlobalSection(SolutionProperties) = preSolution
		HideSolutionNode = FALSE
	EndGlobalSection
	GlobalSection(ExtensibilityGlobals) = postSolution
		SolutionGuid = {1ABBD927-8A20-4FDC-B3CA-92A8BD0C641D}
	EndGlobalSection
EndGlobal
